{
  "nodes": {
    "nixpkgs": {
      "locked": {
        "lastModified": 1743091875,
        "narHash": "sha256-S1S8uNCRkp+/3D8nO16THLgRoFCJTWbrJu8d6lQG7o0=",
        "owner": "nixos",
        "repo": "nixpkgs",
        "rev": "25125c6e6b12df85d808dbfac34d6e4dd1efd589",
        "type": "github"
      },
      "original": {
        "owner": "nixos",
        "repo": "nixpkgs",
        "type": "github"
      }
    },
    "root": {
      "inputs": {
        "nixpkgs": "nixpkgs",
        "stacklock2nix": "stacklock2nix"
      }
    },
    "stacklock2nix": {
      "locked": {
        "lastModified": 1742355519,
        "narHash": "sha256-X5niEE/oc58LORprUdwWo/sHH0Gs776WeTbylfzrxwg=",
        "owner": "cdepillabout",
        "repo": "stacklock2nix",
        "rev": "65fb3f8537b063b9036a8033a905795fa0b1952c",
        "type": "github"
      },
      "original": {
        "owner": "cdepillabout",
        "repo": "stacklock2nix",
        "type": "github"
      }
    }
  },
  "root": "root",
  "version": 7
}
