{
  "nodes": {
    "nixpkgs": {
      "locked": {
        "lastModified": 1742850322,
        "narHash": "sha256-iinn8lHhcpWHL7ccJFH/SUIPb4+YdvTUhFkdzHLt7n0=",
        "owner": "nixos",
        "repo": "nixpkgs",
        "rev": "b7a97f713793d62f2090a703fca9b7a21cdd8314",
        "type": "github"
      },
      "original": {
        "owner": "nixos",
        "repo": "nixpkgs",
        "type": "github"
      }
    },
    "root": {
      "inputs": {
        "nixpkgs": "nixpkgs",
        "stacklock2nix": "stacklock2nix"
      }
    },
    "stacklock2nix": {
      "locked": {
        "lastModified": 1742355519,
        "narHash": "sha256-X5niEE/oc58LORprUdwWo/sHH0Gs776WeTbylfzrxwg=",
        "owner": "cdepillabout",
        "repo": "stacklock2nix",
        "rev": "65fb3f8537b063b9036a8033a905795fa0b1952c",
        "type": "github"
      },
      "original": {
        "owner": "cdepillabout",
        "repo": "stacklock2nix",
        "type": "github"
      }
    }
  },
  "root": "root",
  "version": 7
}
