# This file was autogenerated by Stack.
# You should not edit this file by hand.
# For more information, please see the documentation at:
#   https://docs.haskellstack.org/en/stable/lock_files

packages: []
snapshots:
- completed:
    sha256: 3020db98a5e35009543057d6e6b96890d285890fc97688933e1798da92c8bbde
    size: 683815
    url: https://raw.githubusercontent.com/commercialhaskell/stackage-snapshots/master/lts/23/15.yaml
  original: lts-23.15
